
Microsoft Visual Studio Solution File, Format Version 12.00
# Visual Studio Version 17
VisualStudioVersion = 17.14.36203.30 d17.14
MinimumVisualStudioVersion = 10.0.40219.1
Project("{FAE04EC0-301F-11D3-BF4B-00C04F79EFBC}") = "Final Programacion", "Final Programacion\Final Programacion.csproj", "{B14491F4-2B9C-4A82-8A3F-5C6388CF08B7}"
EndProject
Global
	GlobalSection(SolutionConfigurationPlatforms) = preSolution
		Debug|Any CPU = Debug|Any CPU
		Release|Any CPU = Release|Any CPU
	EndGlobalSection
	GlobalSection(ProjectConfigurationPlatforms) = postSolution
		{B14491F4-2B9C-4A82-8A3F-5C6388CF08B7}.Debug|Any CPU.ActiveCfg = Debug|Any CPU
		{B14491F4-2B9C-4A82-8A3F-5C6388CF08B7}.Debug|Any CPU.Build.0 = Debug|Any CPU
		{B14491F4-2B9C-4A82-8A3F-5C6388CF08B7}.Release|Any CPU.ActiveCfg = Release|Any CPU
		{B14491F4-2B9C-4A82-8A3F-5C6388CF08B7}.Release|Any CPU.Build.0 = Release|Any CPU
	EndGlobalSection
	GlobalSection(SolutionProperties) = preSolution
		HideSolutionNode = FALSE
	EndGlobalSection
	GlobalSection(ExtensibilityGlobals) = postSolution
		SolutionGuid = {F75CFE88-4379-4060-A70C-831F19DA068B}
	EndGlobalSection
EndGlobal
